
Microsoft Visual Studio Solution File, Format Version 12.00
# Visual Studio Version 17
VisualStudioVersion = 17.9.34701.34
MinimumVisualStudioVersion = 10.0.40219.1
Project("{2150E333-8FDC-42A3-9474-1A3956D46DE8}") = "解决方案项", "解决方案项", "{EA5D8828-1533-433D-8105-1AEDD0699321}"
	ProjectSection(SolutionItems) = preProject
		README.md = README.md
	EndProjectSection
EndProject
Project("{8BC9CEB8-8B4A-11D0-8D11-00A0C91BC942}") = "Singleton", "Singleton\Singleton.vcxproj", "{5337F590-52DA-4A56-9059-562F82CF60A1}"
EndProject
Project("{8BC9CEB8-8B4A-11D0-8D11-00A0C91BC942}") = "FactoryMethod", "FactoryMethod\FactoryMethod.vcxproj", "{CAC3BA0B-51B9-4F96-859C-8D87603ED55C}"
EndProject
Global
	GlobalSection(SolutionConfigurationPlatforms) = preSolution
		Debug|x64 = Debug|x64
		Debug|x86 = Debug|x86
		Release|x64 = Release|x64
		Release|x86 = Release|x86
	EndGlobalSection
	GlobalSection(ProjectConfigurationPlatforms) = postSolution
		{5337F590-52DA-4A56-9059-562F82CF60A1}.Debug|x64.ActiveCfg = Debug|x64
		{5337F590-52DA-4A56-9059-562F82CF60A1}.Debug|x64.Build.0 = Debug|x64
		{5337F590-52DA-4A56-9059-562F82CF60A1}.Debug|x86.ActiveCfg = Debug|Win32
		{5337F590-52DA-4A56-9059-562F82CF60A1}.Debug|x86.Build.0 = Debug|Win32
		{5337F590-52DA-4A56-9059-562F82CF60A1}.Release|x64.ActiveCfg = Release|x64
		{5337F590-52DA-4A56-9059-562F82CF60A1}.Release|x64.Build.0 = Release|x64
		{5337F590-52DA-4A56-9059-562F82CF60A1}.Release|x86.ActiveCfg = Release|Win32
		{5337F590-52DA-4A56-9059-562F82CF60A1}.Release|x86.Build.0 = Release|Win32
		{CAC3BA0B-51B9-4F96-859C-8D87603ED55C}.Debug|x64.ActiveCfg = Debug|x64
		{CAC3BA0B-51B9-4F96-859C-8D87603ED55C}.Debug|x64.Build.0 = Debug|x64
		{CAC3BA0B-51B9-4F96-859C-8D87603ED55C}.Debug|x86.ActiveCfg = Debug|Win32
		{CAC3BA0B-51B9-4F96-859C-8D87603ED55C}.Debug|x86.Build.0 = Debug|Win32
		{CAC3BA0B-51B9-4F96-859C-8D87603ED55C}.Release|x64.ActiveCfg = Release|x64
		{CAC3BA0B-51B9-4F96-859C-8D87603ED55C}.Release|x64.Build.0 = Release|x64
		{CAC3BA0B-51B9-4F96-859C-8D87603ED55C}.Release|x86.ActiveCfg = Release|Win32
		{CAC3BA0B-51B9-4F96-859C-8D87603ED55C}.Release|x86.Build.0 = Release|Win32
	EndGlobalSection
	GlobalSection(SolutionProperties) = preSolution
		HideSolutionNode = FALSE
	EndGlobalSection
	GlobalSection(ExtensibilityGlobals) = postSolution
		SolutionGuid = {2A866898-5DF9-4DB9-A751-3E000BA49F73}
	EndGlobalSection
EndGlobal
